
Microsoft Visual Studio Solution File, Format Version 12.00
# Visual Studio Version 17
VisualStudioVersion = 17.4.33205.214
MinimumVisualStudioVersion = 10.0.40219.1
Project("{FAE04EC0-301F-11D3-BF4B-00C04F79EFBC}") = "OrderService", "OrderService.csproj", "{D798DABC-767E-499D-9214-6F78FA12C719}"
EndProject
Global
	GlobalSection(SolutionConfigurationPlatforms) = preSolution
		Debug|Any CPU = Debug|Any CPU
		Release|Any CPU = Release|Any CPU
	EndGlobalSection
	GlobalSection(ProjectConfigurationPlatforms) = postSolution
		{D798DABC-767E-499D-9214-6F78FA12C719}.Debug|Any CPU.ActiveCfg = Debug|Any CPU
		{D798DABC-767E-499D-9214-6F78FA12C719}.Debug|Any CPU.Build.0 = Debug|Any CPU
		{D798DABC-767E-499D-9214-6F78FA12C719}.Release|Any CPU.ActiveCfg = Release|Any CPU
		{D798DABC-767E-499D-9214-6F78FA12C719}.Release|Any CPU.Build.0 = Release|Any CPU
	EndGlobalSection
	GlobalSection(SolutionProperties) = preSolution
		HideSolutionNode = FALSE
	EndGlobalSection
	GlobalSection(ExtensibilityGlobals) = postSolution
		SolutionGuid = {E6C74190-330C-46E8-AC37-4F9C1A155027}
	EndGlobalSection
EndGlobal
